
Microsoft Visual Studio Solution File, Format Version 12.00
# Visual Studio 15
VisualStudioVersion = 15.0.28307.1705
MinimumVisualStudioVersion = 10.0.40219.1
Project("{FAE04EC0-301F-11D3-BF4B-00C04F79EFBC}") = "StringUtils", "StringUtils\StringUtils.csproj", "{C7E6818B-B008-4C8A-A67E-D925898ABB54}"
EndProject
Global
	GlobalSection(SolutionConfigurationPlatforms) = preSolution
		Debug|Any CPU = Debug|Any CPU
		Release|Any CPU = Release|Any CPU
	EndGlobalSection
	GlobalSection(ProjectConfigurationPlatforms) = postSolution
		{C7E6818B-B008-4C8A-A67E-D925898ABB54}.Debug|Any CPU.ActiveCfg = Debug|Any CPU
		{C7E6818B-B008-4C8A-A67E-D925898ABB54}.Debug|Any CPU.Build.0 = Debug|Any CPU
		{C7E6818B-B008-4C8A-A67E-D925898ABB54}.Release|Any CPU.ActiveCfg = Release|Any CPU
		{C7E6818B-B008-4C8A-A67E-D925898ABB54}.Release|Any CPU.Build.0 = Release|Any CPU
	EndGlobalSection
	GlobalSection(SolutionProperties) = preSolution
		HideSolutionNode = FALSE
	EndGlobalSection
	GlobalSection(ExtensibilityGlobals) = postSolution
		SolutionGuid = {AFB02AFD-310B-4BEF-945F-013CE1DCA6CB}
	EndGlobalSection
EndGlobal
